
Microsoft Visual Studio Solution File, Format Version 12.00
# Visual Studio 2013
VisualStudioVersion = 12.0.21005.1
MinimumVisualStudioVersion = 10.0.40219.1
Project("{FAE04EC0-301F-11D3-BF4B-00C04F79EFBC}") = "WebApplications", "WebApplications\WebApplications.csproj", "{0476416D-75A6-4C7A-BF9D-8509CD545DE9}"
EndProject
Project("{E24C65DC-7377-472B-9ABA-BC803B73C61A}") = "TestJavaScripts", "http://localhost:52749", "{159664C1-8C16-40FC-ADE5-1579207EEAED}"
	ProjectSection(WebsiteProperties) = preProject
		UseIISExpress = "true"
		TargetFrameworkMoniker = ".NETFramework,Version%3Dv4.5"
		Debug.AspNetCompiler.VirtualPath = "/localhost_52749"
		Debug.AspNetCompiler.PhysicalPath = "TestJavaScripts\"
		Debug.AspNetCompiler.TargetPath = "PrecompiledWeb\localhost_52749\"
		Debug.AspNetCompiler.Updateable = "true"
		Debug.AspNetCompiler.ForceOverwrite = "true"
		Debug.AspNetCompiler.FixedNames = "false"
		Debug.AspNetCompiler.Debug = "True"
		Release.AspNetCompiler.VirtualPath = "/localhost_52749"
		Release.AspNetCompiler.PhysicalPath = "TestJavaScripts\"
		Release.AspNetCompiler.TargetPath = "PrecompiledWeb\localhost_52749\"
		Release.AspNetCompiler.Updateable = "true"
		Release.AspNetCompiler.ForceOverwrite = "true"
		Release.AspNetCompiler.FixedNames = "false"
		Release.AspNetCompiler.Debug = "False"
		SlnRelativePath = "TestJavaScripts\"
		DefaultWebSiteLanguage = "Visual C#"
	EndProjectSection
EndProject
Project("{E24C65DC-7377-472B-9ABA-BC803B73C61A}") = "EventosRegistro", "http://localhost:59504", "{23B03B0D-C57D-48F7-A046-392DAB477149}"
	ProjectSection(WebsiteProperties) = preProject
		UseIISExpress = "true"
		TargetFrameworkMoniker = ".NETFramework,Version%3Dv4.0"
		Debug.AspNetCompiler.VirtualPath = "/localhost_59504"
		Debug.AspNetCompiler.PhysicalPath = "EventosRegistro\"
		Debug.AspNetCompiler.TargetPath = "PrecompiledWeb\localhost_59504\"
		Debug.AspNetCompiler.Updateable = "true"
		Debug.AspNetCompiler.ForceOverwrite = "true"
		Debug.AspNetCompiler.FixedNames = "false"
		Debug.AspNetCompiler.Debug = "True"
		Release.AspNetCompiler.VirtualPath = "/localhost_59504"
		Release.AspNetCompiler.PhysicalPath = "EventosRegistro\"
		Release.AspNetCompiler.TargetPath = "PrecompiledWeb\localhost_59504\"
		Release.AspNetCompiler.Updateable = "true"
		Release.AspNetCompiler.ForceOverwrite = "true"
		Release.AspNetCompiler.FixedNames = "false"
		Release.AspNetCompiler.Debug = "False"
		SlnRelativePath = "EventosRegistro\"
	EndProjectSection
EndProject
Project("{E24C65DC-7377-472B-9ABA-BC803B73C61A}") = "EventosSolicitud", "http://localhost:50052", "{CB5F37DC-3E46-4F37-AA3F-A27D6F63EAFD}"
	ProjectSection(WebsiteProperties) = preProject
		UseIISExpress = "true"
		TargetFrameworkMoniker = ".NETFramework,Version%3Dv4.5"
		Debug.AspNetCompiler.VirtualPath = "/localhost_50052"
		Debug.AspNetCompiler.PhysicalPath = "EventosSolicitud\"
		Debug.AspNetCompiler.TargetPath = "PrecompiledWeb\localhost_50052\"
		Debug.AspNetCompiler.Updateable = "true"
		Debug.AspNetCompiler.ForceOverwrite = "true"
		Debug.AspNetCompiler.FixedNames = "false"
		Debug.AspNetCompiler.Debug = "True"
		Release.AspNetCompiler.VirtualPath = "/localhost_50052"
		Release.AspNetCompiler.PhysicalPath = "EventosSolicitud\"
		Release.AspNetCompiler.TargetPath = "PrecompiledWeb\localhost_50052\"
		Release.AspNetCompiler.Updateable = "true"
		Release.AspNetCompiler.ForceOverwrite = "true"
		Release.AspNetCompiler.FixedNames = "false"
		Release.AspNetCompiler.Debug = "False"
		SlnRelativePath = "EventosSolicitud\"
		DefaultWebSiteLanguage = "Visual C#"
	EndProjectSection
EndProject
Global
	GlobalSection(SolutionConfigurationPlatforms) = preSolution
		Debug|Any CPU = Debug|Any CPU
		Release|Any CPU = Release|Any CPU
	EndGlobalSection
	GlobalSection(ProjectConfigurationPlatforms) = postSolution
		{0476416D-75A6-4C7A-BF9D-8509CD545DE9}.Debug|Any CPU.ActiveCfg = Debug|Any CPU
		{0476416D-75A6-4C7A-BF9D-8509CD545DE9}.Debug|Any CPU.Build.0 = Debug|Any CPU
		{0476416D-75A6-4C7A-BF9D-8509CD545DE9}.Release|Any CPU.ActiveCfg = Release|Any CPU
		{0476416D-75A6-4C7A-BF9D-8509CD545DE9}.Release|Any CPU.Build.0 = Release|Any CPU
		{159664C1-8C16-40FC-ADE5-1579207EEAED}.Debug|Any CPU.ActiveCfg = Debug|Any CPU
		{159664C1-8C16-40FC-ADE5-1579207EEAED}.Debug|Any CPU.Build.0 = Debug|Any CPU
		{159664C1-8C16-40FC-ADE5-1579207EEAED}.Release|Any CPU.ActiveCfg = Debug|Any CPU
		{159664C1-8C16-40FC-ADE5-1579207EEAED}.Release|Any CPU.Build.0 = Debug|Any CPU
		{23B03B0D-C57D-48F7-A046-392DAB477149}.Debug|Any CPU.ActiveCfg = Debug|Any CPU
		{23B03B0D-C57D-48F7-A046-392DAB477149}.Debug|Any CPU.Build.0 = Debug|Any CPU
		{23B03B0D-C57D-48F7-A046-392DAB477149}.Release|Any CPU.ActiveCfg = Debug|Any CPU
		{23B03B0D-C57D-48F7-A046-392DAB477149}.Release|Any CPU.Build.0 = Debug|Any CPU
		{CB5F37DC-3E46-4F37-AA3F-A27D6F63EAFD}.Debug|Any CPU.ActiveCfg = Debug|Any CPU
		{CB5F37DC-3E46-4F37-AA3F-A27D6F63EAFD}.Debug|Any CPU.Build.0 = Debug|Any CPU
		{CB5F37DC-3E46-4F37-AA3F-A27D6F63EAFD}.Release|Any CPU.ActiveCfg = Debug|Any CPU
		{CB5F37DC-3E46-4F37-AA3F-A27D6F63EAFD}.Release|Any CPU.Build.0 = Debug|Any CPU
	EndGlobalSection
	GlobalSection(SolutionProperties) = preSolution
		HideSolutionNode = FALSE
	EndGlobalSection
EndGlobal
